<?xml version="1.0" encoding="utf-8"?>
<Project ToolsVersion="4.0" xmlns="http://schemas.microsoft.com/developer/msbuild/2003">
  <ItemGroup>
    <Filter Include="소스 파일">
      <UniqueIdentifier>{4FC737F1-C7A5-4376-A066-2A32D752A2FF}</UniqueIdentifier>
      <Extensions>cpp;c;cc;cxx;def;odl;idl;hpj;bat;asm;asmx</Extensions>
    </Filter>
    <Filter Include="헤더 파일">
      <UniqueIdentifier>{93995380-89BD-4b04-88EB-625FBE52EBFB}</UniqueIdentifier>
      <Extensions>h;hh;hpp;hxx;hm;inl;inc;xsd</Extensions>
    </Filter>
    <Filter Include="리소스 파일">
      <UniqueIdentifier>{67DA6AB6-F800-4c08-8B7A-83BB121AAD01}</UniqueIdentifier>
      <Extensions>rc;ico;cur;bmp;dlg;rc2;rct;bin;rgs;gif;jpg;jpeg;jpe;resx;tiff;tif;png;wav;mfcribbon-ms</Extensions>
    </Filter>
    <Filter Include="소스 파일\MetaLibrary">
      <UniqueIdentifier>{f1f4b029-a194-4635-9caa-9b03c727acda}</UniqueIdentifier>
    </Filter>
    <Filter Include="헤더 파일\MultipleChat">
      <UniqueIdentifier>{a37f5959-d0dd-4c10-a5d3-edefc951b81c}</UniqueIdentifier>
    </Filter>
    <Filter Include="헤더 파일\Util">
      <UniqueIdentifier>{f4e42ccf-1d9b-44d2-9755-d2381da74856}</UniqueIdentifier>
    </Filter>
    <Filter Include="소스 파일\MultipleChat">
      <UniqueIdentifier>{a4591e70-a9d9-4816-9f2b-4a78885e34e7}</UniqueIdentifier>
    </Filter>
    <Filter Include="헤더 파일\MetaLibrary">
      <UniqueIdentifier>{26b6b7d6-d4fc-431d-97c0-edf01c8e5deb}</UniqueIdentifier>
    </Filter>
  </ItemGroup>
  <ItemGroup>
    <ClInclude Include="MetaSocket.hpp">
      <Filter>헤더 파일\MetaLibrary</Filter>
    </ClInclude>
    <ClInclude Include="Server.hpp">
      <Filter>헤더 파일\MultipleChat</Filter>
    </ClInclude>
    <ClInclude Include="Singleton.hpp">
      <Filter>헤더 파일\Util</Filter>
    </ClInclude>
    <ClInclude Include="ClientManager.hpp">
      <Filter>헤더 파일\MultipleChat</Filter>
    </ClInclude>
  </ItemGroup>
  <ItemGroup>
    <ClCompile Include="MetaSocket.cpp">
      <Filter>소스 파일\MetaLibrary</Filter>
    </ClCompile>
    <ClCompile Include="serverMain.cpp">
      <Filter>소스 파일</Filter>
    </ClCompile>
    <ClCompile Include="Server.cpp">
      <Filter>소스 파일\MultipleChat</Filter>
    </ClCompile>
    <ClCompile Include="ClientManager.cpp">
      <Filter>소스 파일\MultipleChat</Filter>
    </ClCompile>
  </ItemGroup>
</Project>